// !$*UTF8*$!
{
	archiveVersion = 1;
	classes = {
	};
	objectVersion = 56;
	objects = {

/* Begin PBXBuildFile section */
		A5057B412A22847B004806CE /* TrainManager.swift in Sources */ = {isa = PBXBuildFile; fileRef = A5057B402A22847B004806CE /* TrainManager.swift */; };
		A5305F6A2A0DDDD700B30876 /* Main.storyboard in Resources */ = {isa = PBXBuildFile; fileRef = A5305F682A0DDDD700B30876 /* Main.storyboard */; };
		A5305F6C2A0DDE9400B30876 /* MeaningLabel.swift in Sources */ = {isa = PBXBuildFile; fileRef = A5305F6B2A0DDE9400B30876 /* MeaningLabel.swift */; };
		A5305F702A15BEDD00B30876 /* CardGenerator.swift in Sources */ = {isa = PBXBuildFile; fileRef = A5305F6F2A15BEDD00B30876 /* CardGenerator.swift */; };
		A5305F722A171F4800B30876 /* WordCard.swift in Sources */ = {isa = PBXBuildFile; fileRef = A5305F712A171F4800B30876 /* WordCard.swift */; };
		A5305F742A17F57600B30876 /* TrainViewController.swift in Sources */ = {isa = PBXBuildFile; fileRef = A5305F732A17F57600B30876 /* TrainViewController.swift */; };
		A5673EE029F0DB7A00D060C9 /* DictViewController.swift in Sources */ = {isa = PBXBuildFile; fileRef = A5673EDF29F0DB7A00D060C9 /* DictViewController.swift */; };
		A5673EE329F16F2200D060C9 /* WordCell.swift in Sources */ = {isa = PBXBuildFile; fileRef = A5673EE129F16F2200D060C9 /* WordCell.swift */; };
		A5673EE429F16F2200D060C9 /* WordCell.xib in Resources */ = {isa = PBXBuildFile; fileRef = A5673EE229F16F2200D060C9 /* WordCell.xib */; };
		A584A5FD29DDFCFD008D08AB /* WordModel.swift in Sources */ = {isa = PBXBuildFile; fileRef = A584A5FC29DDFCFD008D08AB /* WordModel.swift */; };
		A584A5FF29DE04C3008D08AB /* StorageManager.swift in Sources */ = {isa = PBXBuildFile; fileRef = A584A5FE29DE04C3008D08AB /* StorageManager.swift */; };
		A5B8BACF29D7C3AA00DFBD5C /* StartViewController.swift in Sources */ = {isa = PBXBuildFile; fileRef = A5B8BACD29D7C3AA00DFBD5C /* StartViewController.swift */; };
		A5D25B3B29CDFF90003F6C7A /* AppDelegate.swift in Sources */ = {isa = PBXBuildFile; fileRef = A5D25B3A29CDFF90003F6C7A /* AppDelegate.swift */; };
		A5D25B3D29CDFF90003F6C7A /* SceneDelegate.swift in Sources */ = {isa = PBXBuildFile; fileRef = A5D25B3C29CDFF90003F6C7A /* SceneDelegate.swift */; };
		A5D25B4529CDFF90003F6C7A /* Coupler.xcdatamodeld in Sources */ = {isa = PBXBuildFile; fileRef = A5D25B4329CDFF90003F6C7A /* Coupler.xcdatamodeld */; };
		A5D25B4729CDFF97003F6C7A /* Assets.xcassets in Resources */ = {isa = PBXBuildFile; fileRef = A5D25B4629CDFF97003F6C7A /* Assets.xcassets */; };
		A5D25B4A29CDFF97003F6C7A /* LaunchScreen.storyboard in Resources */ = {isa = PBXBuildFile; fileRef = A5D25B4829CDFF97003F6C7A /* LaunchScreen.storyboard */; };
		A5D25B5729CE13C1003F6C7A /* NewWordViewController.swift in Sources */ = {isa = PBXBuildFile; fileRef = A5D25B5629CE13C1003F6C7A /* NewWordViewController.swift */; };
		A5E72F2C2A0AB46700676947 /* WordViewController.swift in Sources */ = {isa = PBXBuildFile; fileRef = A5E72F2B2A0AB46700676947 /* WordViewController.swift */; };
/* End PBXBuildFile section */

/* Begin PBXFileReference section */
		A5057B402A22847B004806CE /* TrainManager.swift */ = {isa = PBXFileReference; lastKnownFileType = sourcecode.swift; path = TrainManager.swift; sourceTree = "<group>"; };
		A5305F692A0DDDD700B30876 /* Base */ = {isa = PBXFileReference; lastKnownFileType = file.storyboard; name = Base; path = Base.lproj/Main.storyboard; sourceTree = "<group>"; };
		A5305F6B2A0DDE9400B30876 /* MeaningLabel.swift */ = {isa = PBXFileReference; lastKnownFileType = sourcecode.swift; path = MeaningLabel.swift; sourceTree = "<group>"; };
		A5305F6F2A15BEDD00B30876 /* CardGenerator.swift */ = {isa = PBXFileReference; lastKnownFileType = sourcecode.swift; path = CardGenerator.swift; sourceTree = "<group>"; };
		A5305F712A171F4800B30876 /* WordCard.swift */ = {isa = PBXFileReference; lastKnownFileType = sourcecode.swift; path = WordCard.swift; sourceTree = "<group>"; };
		A5305F732A17F57600B30876 /* TrainViewController.swift */ = {isa = PBXFileReference; lastKnownFileType = sourcecode.swift; path = TrainViewController.swift; sourceTree = "<group>"; };
		A5673EDF29F0DB7A00D060C9 /* DictViewController.swift */ = {isa = PBXFileReference; lastKnownFileType = sourcecode.swift; path = DictViewController.swift; sourceTree = "<group>"; };
		A5673EE129F16F2200D060C9 /* WordCell.swift */ = {isa = PBXFileReference; lastKnownFileType = sourcecode.swift; path = WordCell.swift; sourceTree = "<group>"; };
		A5673EE229F16F2200D060C9 /* WordCell.xib */ = {isa = PBXFileReference; lastKnownFileType = file.xib; path = WordCell.xib; sourceTree = "<group>"; };
		A584A5FC29DDFCFD008D08AB /* WordModel.swift */ = {isa = PBXFileReference; lastKnownFileType = sourcecode.swift; path = WordModel.swift; sourceTree = "<group>"; };
		A584A5FE29DE04C3008D08AB /* StorageManager.swift */ = {isa = PBXFileReference; lastKnownFileType = sourcecode.swift; path = StorageManager.swift; sourceTree = "<group>"; };
		A5B8BACD29D7C3AA00DFBD5C /* StartViewController.swift */ = {isa = PBXFileReference; lastKnownFileType = sourcecode.swift; path = StartViewController.swift; sourceTree = "<group>"; };
		A5D25B3729CDFF90003F6C7A /* Coupler.app */ = {isa = PBXFileReference; explicitFileType = wrapper.application; includeInIndex = 0; path = Coupler.app; sourceTree = BUILT_PRODUCTS_DIR; };
		A5D25B3A29CDFF90003F6C7A /* AppDelegate.swift */ = {isa = PBXFileReference; lastKnownFileType = sourcecode.swift; path = AppDelegate.swift; sourceTree = "<group>"; };
		A5D25B3C29CDFF90003F6C7A /* SceneDelegate.swift */ = {isa = PBXFileReference; lastKnownFileType = sourcecode.swift; path = SceneDelegate.swift; sourceTree = "<group>"; };
		A5D25B4429CDFF90003F6C7A /* Coupler.xcdatamodel */ = {isa = PBXFileReference; lastKnownFileType = wrapper.xcdatamodel; path = Coupler.xcdatamodel; sourceTree = "<group>"; };
		A5D25B4629CDFF97003F6C7A /* Assets.xcassets */ = {isa = PBXFileReference; lastKnownFileType = folder.assetcatalog; path = Assets.xcassets; sourceTree = "<group>"; };
		A5D25B4929CDFF97003F6C7A /* Base */ = {isa = PBXFileReference; lastKnownFileType = file.storyboard; name = Base; path = Base.lproj/LaunchScreen.storyboard; sourceTree = "<group>"; };
		A5D25B4B29CDFF97003F6C7A /* Info.plist */ = {isa = PBXFileReference; lastKnownFileType = text.plist.xml; path = Info.plist; sourceTree = "<group>"; };
		A5D25B5629CE13C1003F6C7A /* NewWordViewController.swift */ = {isa = PBXFileReference; lastKnownFileType = sourcecode.swift; path = NewWordViewController.swift; sourceTree = "<group>"; };
		A5E72F2B2A0AB46700676947 /* WordViewController.swift */ = {isa = PBXFileReference; lastKnownFileType = sourcecode.swift; path = WordViewController.swift; sourceTree = "<group>"; };
/* End PBXFileReference section */

/* Begin PBXFrameworksBuildPhase section */
		A5D25B3429CDFF90003F6C7A /* Frameworks */ = {
			isa = PBXFrameworksBuildPhase;
			buildActionMask = 2147483647;
			files = (
			);
			runOnlyForDeploymentPostprocessing = 0;
		};
/* End PBXFrameworksBuildPhase section */

/* Begin PBXGroup section */
		A5D25B2E29CDFF8F003F6C7A = {
			isa = PBXGroup;
			children = (
				A5D25B3929CDFF90003F6C7A /* Coupler */,
				A5D25B3829CDFF90003F6C7A /* Products */,
			);
			sourceTree = "<group>";
		};
		A5D25B3829CDFF90003F6C7A /* Products */ = {
			isa = PBXGroup;
			children = (
				A5D25B3729CDFF90003F6C7A /* Coupler.app */,
			);
			name = Products;
			sourceTree = "<group>";
		};
		A5D25B3929CDFF90003F6C7A /* Coupler */ = {
			isa = PBXGroup;
			children = (
				A5D25B3A29CDFF90003F6C7A /* AppDelegate.swift */,
				A5D25B3C29CDFF90003F6C7A /* SceneDelegate.swift */,
				A5D25B5129CDFFFF003F6C7A /* Model */,
				A5D25B5329CE0016003F6C7A /* Controller */,
				A5D25B5229CE000B003F6C7A /* View */,
				A5D25B4629CDFF97003F6C7A /* Assets.xcassets */,
				A5D25B4B29CDFF97003F6C7A /* Info.plist */,
				A5D25B4329CDFF90003F6C7A /* Coupler.xcdatamodeld */,
			);
			path = Coupler;
			sourceTree = "<group>";
		};
		A5D25B5129CDFFFF003F6C7A /* Model */ = {
			isa = PBXGroup;
			children = (
				A584A5FC29DDFCFD008D08AB /* WordModel.swift */,
				A584A5FE29DE04C3008D08AB /* StorageManager.swift */,
				A5305F6F2A15BEDD00B30876 /* CardGenerator.swift */,
				A5305F712A171F4800B30876 /* WordCard.swift */,
				A5057B402A22847B004806CE /* TrainManager.swift */,
			);
			path = Model;
			sourceTree = "<group>";
		};
		A5D25B5229CE000B003F6C7A /* View */ = {
			isa = PBXGroup;
			children = (
				A5673EE229F16F2200D060C9 /* WordCell.xib */,
				A5305F682A0DDDD700B30876 /* Main.storyboard */,
				A5D25B4829CDFF97003F6C7A /* LaunchScreen.storyboard */,
			);
			path = View;
			sourceTree = "<group>";
		};
		A5D25B5329CE0016003F6C7A /* Controller */ = {
			isa = PBXGroup;
			children = (
				A5B8BACD29D7C3AA00DFBD5C /* StartViewController.swift */,
				A5D25B5629CE13C1003F6C7A /* NewWordViewController.swift */,
				A5673EDF29F0DB7A00D060C9 /* DictViewController.swift */,
				A5673EE129F16F2200D060C9 /* WordCell.swift */,
				A5E72F2B2A0AB46700676947 /* WordViewController.swift */,
				A5305F6B2A0DDE9400B30876 /* MeaningLabel.swift */,
				A5305F732A17F57600B30876 /* TrainViewController.swift */,
			);
			path = Controller;
			sourceTree = "<group>";
		};
/* End PBXGroup section */

/* Begin PBXNativeTarget section */
		A5D25B3629CDFF90003F6C7A /* Coupler */ = {
			isa = PBXNativeTarget;
			buildConfigurationList = A5D25B4E29CDFF97003F6C7A /* Build configuration list for PBXNativeTarget "Coupler" */;
			buildPhases = (
				A5D25B3329CDFF90003F6C7A /* Sources */,
				A5D25B3429CDFF90003F6C7A /* Frameworks */,
				A5D25B3529CDFF90003F6C7A /* Resources */,
			);
			buildRules = (
			);
			dependencies = (
			);
			name = Coupler;
			productName = Coupler;
			productReference = A5D25B3729CDFF90003F6C7A /* Coupler.app */;
			productType = "com.apple.product-type.application";
		};
/* End PBXNativeTarget section */

/* Begin PBXProject section */
		A5D25B2F29CDFF8F003F6C7A /* Project object */ = {
			isa = PBXProject;
			attributes = {
				BuildIndependentTargetsInParallel = 1;
				LastSwiftUpdateCheck = 1420;
				LastUpgradeCheck = 1420;
				TargetAttributes = {
					A5D25B3629CDFF90003F6C7A = {
						CreatedOnToolsVersion = 14.2;
					};
				};
			};
			buildConfigurationList = A5D25B3229CDFF8F003F6C7A /* Build configuration list for PBXProject "Coupler" */;
			compatibilityVersion = "Xcode 14.0";
			developmentRegion = en;
			hasScannedForEncodings = 0;
			knownRegions = (
				en,
				Base,
			);
			mainGroup = A5D25B2E29CDFF8F003F6C7A;
			productRefGroup = A5D25B3829CDFF90003F6C7A /* Products */;
			projectDirPath = "";
			projectRoot = "";
			targets = (
				A5D25B3629CDFF90003F6C7A /* Coupler */,
			);
		};
/* End PBXProject section */

/* Begin PBXResourcesBuildPhase section */
		A5D25B3529CDFF90003F6C7A /* Resources */ = {
			isa = PBXResourcesBuildPhase;
			buildActionMask = 2147483647;
			files = (
				A5D25B4A29CDFF97003F6C7A /* LaunchScreen.storyboard in Resources */,
				A5673EE429F16F2200D060C9 /* WordCell.xib in Resources */,
				A5D25B4729CDFF97003F6C7A /* Assets.xcassets in Resources */,
				A5305F6A2A0DDDD700B30876 /* Main.storyboard in Resources */,
			);
			runOnlyForDeploymentPostprocessing = 0;
		};
/* End PBXResourcesBuildPhase section */

/* Begin PBXSourcesBuildPhase section */
		A5D25B3329CDFF90003F6C7A /* Sources */ = {
			isa = PBXSourcesBuildPhase;
			buildActionMask = 2147483647;
			files = (
				A5B8BACF29D7C3AA00DFBD5C /* StartViewController.swift in Sources */,
				A5D25B3B29CDFF90003F6C7A /* AppDelegate.swift in Sources */,
				A5E72F2C2A0AB46700676947 /* WordViewController.swift in Sources */,
				A5D25B5729CE13C1003F6C7A /* NewWordViewController.swift in Sources */,
				A5305F6C2A0DDE9400B30876 /* MeaningLabel.swift in Sources */,
				A5673EE329F16F2200D060C9 /* WordCell.swift in Sources */,
				A584A5FF29DE04C3008D08AB /* StorageManager.swift in Sources */,
				A5057B412A22847B004806CE /* TrainManager.swift in Sources */,
				A5305F702A15BEDD00B30876 /* CardGenerator.swift in Sources */,
				A5D25B4529CDFF90003F6C7A /* Coupler.xcdatamodeld in Sources */,
				A5D25B3D29CDFF90003F6C7A /* SceneDelegate.swift in Sources */,
				A5673EE029F0DB7A00D060C9 /* DictViewController.swift in Sources */,
				A5305F722A171F4800B30876 /* WordCard.swift in Sources */,
				A584A5FD29DDFCFD008D08AB /* WordModel.swift in Sources */,
				A5305F742A17F57600B30876 /* TrainViewController.swift in Sources */,
			);
			runOnlyForDeploymentPostprocessing = 0;
		};
/* End PBXSourcesBuildPhase section */

/* Begin PBXVariantGroup section */
		A5305F682A0DDDD700B30876 /* Main.storyboard */ = {
			isa = PBXVariantGroup;
			children = (
				A5305F692A0DDDD700B30876 /* Base */,
			);
			name = Main.storyboard;
			sourceTree = "<group>";
		};
		A5D25B4829CDFF97003F6C7A /* LaunchScreen.storyboard */ = {
			isa = PBXVariantGroup;
			children = (
				A5D25B4929CDFF97003F6C7A /* Base */,
			);
			name = LaunchScreen.storyboard;
			sourceTree = "<group>";
		};
/* End PBXVariantGroup section */

/* Begin XCBuildConfiguration section */
		A5D25B4C29CDFF97003F6C7A /* Debug */ = {
			isa = XCBuildConfiguration;
			buildSettings = {
				ALWAYS_SEARCH_USER_PATHS = NO;
				CLANG_ANALYZER_NONNULL = YES;
				CLANG_ANALYZER_NUMBER_OBJECT_CONVERSION = YES_AGGRESSIVE;
				CLANG_CXX_LANGUAGE_STANDARD = "gnu++20";
				CLANG_ENABLE_MODULES = YES;
				CLANG_ENABLE_OBJC_ARC = YES;
				CLANG_ENABLE_OBJC_WEAK = YES;
				CLANG_WARN_BLOCK_CAPTURE_AUTORELEASING = YES;
				CLANG_WARN_BOOL_CONVERSION = YES;
				CLANG_WARN_COMMA = YES;
				CLANG_WARN_CONSTANT_CONVERSION = YES;
				CLANG_WARN_DEPRECATED_OBJC_IMPLEMENTATIONS = YES;
				CLANG_WARN_DIRECT_OBJC_ISA_USAGE = YES_ERROR;
				CLANG_WARN_DOCUMENTATION_COMMENTS = YES;
				CLANG_WARN_EMPTY_BODY = YES;
				CLANG_WARN_ENUM_CONVERSION = YES;
				CLANG_WARN_INFINITE_RECURSION = YES;
				CLANG_WARN_INT_CONVERSION = YES;
				CLANG_WARN_NON_LITERAL_NULL_CONVERSION = YES;
				CLANG_WARN_OBJC_IMPLICIT_RETAIN_SELF = YES;
				CLANG_WARN_OBJC_LITERAL_CONVERSION = YES;
				CLANG_WARN_OBJC_ROOT_CLASS = YES_ERROR;
				CLANG_WARN_QUOTED_INCLUDE_IN_FRAMEWORK_HEADER = YES;
				CLANG_WARN_RANGE_LOOP_ANALYSIS = YES;
				CLANG_WARN_STRICT_PROTOTYPES = YES;
				CLANG_WARN_SUSPICIOUS_MOVE = YES;
				CLANG_WARN_UNGUARDED_AVAILABILITY = YES_AGGRESSIVE;
				CLANG_WARN_UNREACHABLE_CODE = YES;
				CLANG_WARN__DUPLICATE_METHOD_MATCH = YES;
				COPY_PHASE_STRIP = NO;
				DEBUG_INFORMATION_FORMAT = dwarf;
				ENABLE_STRICT_OBJC_MSGSEND = YES;
				ENABLE_TESTABILITY = YES;
				GCC_C_LANGUAGE_STANDARD = gnu11;
				GCC_DYNAMIC_NO_PIC = NO;
				GCC_NO_COMMON_BLOCKS = YES;
				GCC_OPTIMIZATION_LEVEL = 0;
				GCC_PREPROCESSOR_DEFINITIONS = (
					"DEBUG=1",
					"$(inherited)",
				);
				GCC_WARN_64_TO_32_BIT_CONVERSION = YES;
				GCC_WARN_ABOUT_RETURN_TYPE = YES_ERROR;
				GCC_WARN_UNDECLARED_SELECTOR = YES;
				GCC_WARN_UNINITIALIZED_AUTOS = YES_AGGRESSIVE;
				GCC_WARN_UNUSED_FUNCTION = YES;
				GCC_WARN_UNUSED_VARIABLE = YES;
				IPHONEOS_DEPLOYMENT_TARGET = 14.0;
				MTL_ENABLE_DEBUG_INFO = INCLUDE_SOURCE;
				MTL_FAST_MATH = YES;
				ONLY_ACTIVE_ARCH = YES;
				SDKROOT = iphoneos;
				SWIFT_ACTIVE_COMPILATION_CONDITIONS = DEBUG;
				SWIFT_OPTIMIZATION_LEVEL = "-Onone";
			};
			name = Debug;
		};
		A5D25B4D29CDFF97003F6C7A /* Release */ = {
			isa = XCBuildConfiguration;
			buildSettings = {
				ALWAYS_SEARCH_USER_PATHS = NO;
				CLANG_ANALYZER_NONNULL = YES;
				CLANG_ANALYZER_NUMBER_OBJECT_CONVERSION = YES_AGGRESSIVE;
				CLANG_CXX_LANGUAGE_STANDARD = "gnu++20";
				CLANG_ENABLE_MODULES = YES;
				CLANG_ENABLE_OBJC_ARC = YES;
				CLANG_ENABLE_OBJC_WEAK = YES;
				CLANG_WARN_BLOCK_CAPTURE_AUTORELEASING = YES;
				CLANG_WARN_BOOL_CONVERSION = YES;
				CLANG_WARN_COMMA = YES;
				CLANG_WARN_CONSTANT_CONVERSION = YES;
				CLANG_WARN_DEPRECATED_OBJC_IMPLEMENTATIONS = YES;
				CLANG_WARN_DIRECT_OBJC_ISA_USAGE = YES_ERROR;
				CLANG_WARN_DOCUMENTATION_COMMENTS = YES;
				CLANG_WARN_EMPTY_BODY = YES;
				CLANG_WARN_ENUM_CONVERSION = YES;
				CLANG_WARN_INFINITE_RECURSION = YES;
				CLANG_WARN_INT_CONVERSION = YES;
				CLANG_WARN_NON_LITERAL_NULL_CONVERSION = YES;
				CLANG_WARN_OBJC_IMPLICIT_RETAIN_SELF = YES;
				CLANG_WARN_OBJC_LITERAL_CONVERSION = YES;
				CLANG_WARN_OBJC_ROOT_CLASS = YES_ERROR;
				CLANG_WARN_QUOTED_INCLUDE_IN_FRAMEWORK_HEADER = YES;
				CLANG_WARN_RANGE_LOOP_ANALYSIS = YES;
				CLANG_WARN_STRICT_PROTOTYPES = YES;
				CLANG_WARN_SUSPICIOUS_MOVE = YES;
				CLANG_WARN_UNGUARDED_AVAILABILITY = YES_AGGRESSIVE;
				CLANG_WARN_UNREACHABLE_CODE = YES;
				CLANG_WARN__DUPLICATE_METHOD_MATCH = YES;
				COPY_PHASE_STRIP = NO;
				DEBUG_INFORMATION_FORMAT = "dwarf-with-dsym";
				ENABLE_NS_ASSERTIONS = NO;
				ENABLE_STRICT_OBJC_MSGSEND = YES;
				GCC_C_LANGUAGE_STANDARD = gnu11;
				GCC_NO_COMMON_BLOCKS = YES;
				GCC_WARN_64_TO_32_BIT_CONVERSION = YES;
				GCC_WARN_ABOUT_RETURN_TYPE = YES_ERROR;
				GCC_WARN_UNDECLARED_SELECTOR = YES;
				GCC_WARN_UNINITIALIZED_AUTOS = YES_AGGRESSIVE;
				GCC_WARN_UNUSED_FUNCTION = YES;
				GCC_WARN_UNUSED_VARIABLE = YES;
				IPHONEOS_DEPLOYMENT_TARGET = 14.0;
				MTL_ENABLE_DEBUG_INFO = NO;
				MTL_FAST_MATH = YES;
				SDKROOT = iphoneos;
				SWIFT_COMPILATION_MODE = wholemodule;
				SWIFT_OPTIMIZATION_LEVEL = "-O";
				VALIDATE_PRODUCT = YES;
			};
			name = Release;
		};
		A5D25B4F29CDFF97003F6C7A /* Debug */ = {
			isa = XCBuildConfiguration;
			buildSettings = {
				ASSETCATALOG_COMPILER_APPICON_NAME = AppIcon;
				ASSETCATALOG_COMPILER_GLOBAL_ACCENT_COLOR_NAME = AccentColor;
				CODE_SIGN_STYLE = Automatic;
				CURRENT_PROJECT_VERSION = 1;
				DEVELOPMENT_TEAM = 66Q476X4QM;
				GENERATE_INFOPLIST_FILE = YES;
				INFOPLIST_FILE = Coupler/Info.plist;
				INFOPLIST_KEY_CFBundleDisplayName = Coupler;
				INFOPLIST_KEY_LSApplicationCategoryType = "public.app-category.education";
				INFOPLIST_KEY_UIApplicationSupportsIndirectInputEvents = YES;
				INFOPLIST_KEY_UILaunchStoryboardName = LaunchScreen;
				INFOPLIST_KEY_UIMainStoryboardFile = Main;
				INFOPLIST_KEY_UIStatusBarStyle = "";
				INFOPLIST_KEY_UISupportedInterfaceOrientations = UIInterfaceOrientationPortrait;
				IPHONEOS_DEPLOYMENT_TARGET = 14.0;
				LD_RUNPATH_SEARCH_PATHS = (
					"$(inherited)",
					"@executable_path/Frameworks",
				);
				MARKETING_VERSION = 1.0;
				PRODUCT_BUNDLE_IDENTIFIER = S.Burdakov.Coupler;
				PRODUCT_NAME = "$(TARGET_NAME)";
				SUPPORTED_PLATFORMS = "iphoneos iphonesimulator";
				SUPPORTS_MACCATALYST = NO;
				SUPPORTS_MAC_DESIGNED_FOR_IPHONE_IPAD = NO;
				SWIFT_EMIT_LOC_STRINGS = YES;
				SWIFT_VERSION = 5.0;
				TARGETED_DEVICE_FAMILY = "1,2";
			};
			name = Debug;
		};
		A5D25B5029CDFF97003F6C7A /* Release */ = {
			isa = XCBuildConfiguration;
			buildSettings = {
				ASSETCATALOG_COMPILER_APPICON_NAME = AppIcon;
				ASSETCATALOG_COMPILER_GLOBAL_ACCENT_COLOR_NAME = AccentColor;
				CODE_SIGN_STYLE = Automatic;
				CURRENT_PROJECT_VERSION = 1;
				DEVELOPMENT_TEAM = 66Q476X4QM;
				GENERATE_INFOPLIST_FILE = YES;
				INFOPLIST_FILE = Coupler/Info.plist;
				INFOPLIST_KEY_CFBundleDisplayName = Coupler;
				INFOPLIST_KEY_LSApplicationCategoryType = "public.app-category.education";
				INFOPLIST_KEY_UIApplicationSupportsIndirectInputEvents = YES;
				INFOPLIST_KEY_UILaunchStoryboardName = LaunchScreen;
				INFOPLIST_KEY_UIMainStoryboardFile = Main;
				INFOPLIST_KEY_UIStatusBarStyle = "";
				INFOPLIST_KEY_UISupportedInterfaceOrientations = UIInterfaceOrientationPortrait;
				IPHONEOS_DEPLOYMENT_TARGET = 14.0;
				LD_RUNPATH_SEARCH_PATHS = (
					"$(inherited)",
					"@executable_path/Frameworks",
				);
				MARKETING_VERSION = 1.0;
				PRODUCT_BUNDLE_IDENTIFIER = S.Burdakov.Coupler;
				PRODUCT_NAME = "$(TARGET_NAME)";
				SUPPORTED_PLATFORMS = "iphoneos iphonesimulator";
				SUPPORTS_MACCATALYST = NO;
				SUPPORTS_MAC_DESIGNED_FOR_IPHONE_IPAD = NO;
				SWIFT_EMIT_LOC_STRINGS = YES;
				SWIFT_VERSION = 5.0;
				TARGETED_DEVICE_FAMILY = "1,2";
			};
			name = Release;
		};
/* End XCBuildConfiguration section */

/* Begin XCConfigurationList section */
		A5D25B3229CDFF8F003F6C7A /* Build configuration list for PBXProject "Coupler" */ = {
			isa = XCConfigurationList;
			buildConfigurations = (
				A5D25B4C29CDFF97003F6C7A /* Debug */,
				A5D25B4D29CDFF97003F6C7A /* Release */,
			);
			defaultConfigurationIsVisible = 0;
			defaultConfigurationName = Release;
		};
		A5D25B4E29CDFF97003F6C7A /* Build configuration list for PBXNativeTarget "Coupler" */ = {
			isa = XCConfigurationList;
			buildConfigurations = (
				A5D25B4F29CDFF97003F6C7A /* Debug */,
				A5D25B5029CDFF97003F6C7A /* Release */,
			);
			defaultConfigurationIsVisible = 0;
			defaultConfigurationName = Release;
		};
/* End XCConfigurationList section */

/* Begin XCVersionGroup section */
		A5D25B4329CDFF90003F6C7A /* Coupler.xcdatamodeld */ = {
			isa = XCVersionGroup;
			children = (
				A5D25B4429CDFF90003F6C7A /* Coupler.xcdatamodel */,
			);
			currentVersion = A5D25B4429CDFF90003F6C7A /* Coupler.xcdatamodel */;
			path = Coupler.xcdatamodeld;
			sourceTree = "<group>";
			versionGroupType = wrapper.xcdatamodel;
		};
/* End XCVersionGroup section */
	};
	rootObject = A5D25B2F29CDFF8F003F6C7A /* Project object */;
}
